
Microsoft Visual Studio Solution File, Format Version 12.00
# Visual Studio Version 17
VisualStudioVersion = 17.14.36408.4
MinimumVisualStudioVersion = 10.0.40219.1
Project("{F184B08F-C81C-45F6-A57F-5ABD9991F28F}") = "ChatP2P.Crypto", "ChatP2P.Crypto\ChatP2P.Crypto.vbproj", "{FB952158-6C7D-4894-917E-C33B7B419278}"
EndProject
Project("{FAE04EC0-301F-11D3-BF4B-00C04F79EFBC}") = "ChatP2P.Server", "ChatP2P.Server\ChatP2P.Server.csproj", "{1626B98A-F013-4302-9B19-9A66CC61CBC2}"
EndProject
Project("{FAE04EC0-301F-11D3-BF4B-00C04F79EFBC}") = "ChatP2P.Client", "ChatP2P.Client\ChatP2P.Client.csproj", "{EFF79D4E-21FD-46A6-98FC-DD02FE4B3FA6}"
EndProject
Global
	GlobalSection(SolutionConfigurationPlatforms) = preSolution
		Debug|Any CPU = Debug|Any CPU
		Debug|x64 = Debug|x64
		Debug|x86 = Debug|x86
		Release|Any CPU = Release|Any CPU
		Release|x64 = Release|x64
		Release|x86 = Release|x86
	EndGlobalSection
	GlobalSection(ProjectConfigurationPlatforms) = postSolution
		{FB952158-6C7D-4894-917E-C33B7B419278}.Debug|Any CPU.ActiveCfg = Debug|Any CPU
		{FB952158-6C7D-4894-917E-C33B7B419278}.Debug|Any CPU.Build.0 = Debug|Any CPU
		{FB952158-6C7D-4894-917E-C33B7B419278}.Debug|x64.ActiveCfg = Debug|Any CPU
		{FB952158-6C7D-4894-917E-C33B7B419278}.Debug|x64.Build.0 = Debug|Any CPU
		{FB952158-6C7D-4894-917E-C33B7B419278}.Debug|x86.ActiveCfg = Debug|Any CPU
		{FB952158-6C7D-4894-917E-C33B7B419278}.Debug|x86.Build.0 = Debug|Any CPU
		{FB952158-6C7D-4894-917E-C33B7B419278}.Release|Any CPU.ActiveCfg = Release|Any CPU
		{FB952158-6C7D-4894-917E-C33B7B419278}.Release|Any CPU.Build.0 = Release|Any CPU
		{FB952158-6C7D-4894-917E-C33B7B419278}.Release|x64.ActiveCfg = Release|Any CPU
		{FB952158-6C7D-4894-917E-C33B7B419278}.Release|x64.Build.0 = Release|Any CPU
		{FB952158-6C7D-4894-917E-C33B7B419278}.Release|x86.ActiveCfg = Release|Any CPU
		{FB952158-6C7D-4894-917E-C33B7B419278}.Release|x86.Build.0 = Release|Any CPU
		{1626B98A-F013-4302-9B19-9A66CC61CBC2}.Debug|Any CPU.ActiveCfg = Debug|Any CPU
		{1626B98A-F013-4302-9B19-9A66CC61CBC2}.Debug|Any CPU.Build.0 = Debug|Any CPU
		{1626B98A-F013-4302-9B19-9A66CC61CBC2}.Debug|x64.ActiveCfg = Debug|Any CPU
		{1626B98A-F013-4302-9B19-9A66CC61CBC2}.Debug|x64.Build.0 = Debug|Any CPU
		{1626B98A-F013-4302-9B19-9A66CC61CBC2}.Debug|x86.ActiveCfg = Debug|Any CPU
		{1626B98A-F013-4302-9B19-9A66CC61CBC2}.Debug|x86.Build.0 = Debug|Any CPU
		{1626B98A-F013-4302-9B19-9A66CC61CBC2}.Release|Any CPU.ActiveCfg = Release|Any CPU
		{1626B98A-F013-4302-9B19-9A66CC61CBC2}.Release|Any CPU.Build.0 = Release|Any CPU
		{1626B98A-F013-4302-9B19-9A66CC61CBC2}.Release|x64.ActiveCfg = Release|Any CPU
		{1626B98A-F013-4302-9B19-9A66CC61CBC2}.Release|x64.Build.0 = Release|Any CPU
		{1626B98A-F013-4302-9B19-9A66CC61CBC2}.Release|x86.ActiveCfg = Release|Any CPU
		{1626B98A-F013-4302-9B19-9A66CC61CBC2}.Release|x86.Build.0 = Release|Any CPU
		{EFF79D4E-21FD-46A6-98FC-DD02FE4B3FA6}.Debug|Any CPU.ActiveCfg = Debug|Any CPU
		{EFF79D4E-21FD-46A6-98FC-DD02FE4B3FA6}.Debug|Any CPU.Build.0 = Debug|Any CPU
		{EFF79D4E-21FD-46A6-98FC-DD02FE4B3FA6}.Debug|x64.ActiveCfg = Debug|Any CPU
		{EFF79D4E-21FD-46A6-98FC-DD02FE4B3FA6}.Debug|x64.Build.0 = Debug|Any CPU
		{EFF79D4E-21FD-46A6-98FC-DD02FE4B3FA6}.Debug|x86.ActiveCfg = Debug|Any CPU
		{EFF79D4E-21FD-46A6-98FC-DD02FE4B3FA6}.Debug|x86.Build.0 = Debug|Any CPU
		{EFF79D4E-21FD-46A6-98FC-DD02FE4B3FA6}.Release|Any CPU.ActiveCfg = Release|Any CPU
		{EFF79D4E-21FD-46A6-98FC-DD02FE4B3FA6}.Release|Any CPU.Build.0 = Release|Any CPU
		{EFF79D4E-21FD-46A6-98FC-DD02FE4B3FA6}.Release|x64.ActiveCfg = Release|Any CPU
		{EFF79D4E-21FD-46A6-98FC-DD02FE4B3FA6}.Release|x64.Build.0 = Release|Any CPU
		{EFF79D4E-21FD-46A6-98FC-DD02FE4B3FA6}.Release|x86.ActiveCfg = Release|Any CPU
		{EFF79D4E-21FD-46A6-98FC-DD02FE4B3FA6}.Release|x86.Build.0 = Release|Any CPU
	EndGlobalSection
	GlobalSection(SolutionProperties) = preSolution
		HideSolutionNode = FALSE
	EndGlobalSection
	GlobalSection(ExtensibilityGlobals) = postSolution
		SolutionGuid = {C8C8DEAE-EC84-4EF7-9755-4D2935D2262C}
	EndGlobalSection
EndGlobal
